
Microsoft Visual Studio Solution File, Format Version 12.00
# Visual Studio Version 17
VisualStudioVersion = 17.4.33213.308
MinimumVisualStudioVersion = 10.0.40219.1
Project("{8BC9CEB8-8B4A-11D0-8D11-00A0C91BC942}") = "Blackfly-Cpp", "Blackfly-Console.vcxproj", "{16EBCE1D-6DFD-4CB9-9EDE-70A6357348FD}"
EndProject
Project("{F184B08F-C81C-45F6-A57F-5ABD9991F28F}") = "Blackfly-VB", "Blackfly-VB\Blackfly-VB.vbproj", "{2CDCDE0B-3B80-427D-BE3F-46E9694EBF28}"
EndProject
Global
	GlobalSection(SolutionConfigurationPlatforms) = preSolution
		Debug|Any CPU = Debug|Any CPU
		Debug|x64 = Debug|x64
		Debug|x86 = Debug|x86
		Release|Any CPU = Release|Any CPU
		Release|x64 = Release|x64
		Release|x86 = Release|x86
	EndGlobalSection
	GlobalSection(ProjectConfigurationPlatforms) = postSolution
		{16EBCE1D-6DFD-4CB9-9EDE-70A6357348FD}.Debug|Any CPU.ActiveCfg = Debug|x64
		{16EBCE1D-6DFD-4CB9-9EDE-70A6357348FD}.Debug|Any CPU.Build.0 = Debug|x64
		{16EBCE1D-6DFD-4CB9-9EDE-70A6357348FD}.Debug|x64.ActiveCfg = Debug|x64
		{16EBCE1D-6DFD-4CB9-9EDE-70A6357348FD}.Debug|x64.Build.0 = Debug|x64
		{16EBCE1D-6DFD-4CB9-9EDE-70A6357348FD}.Debug|x86.ActiveCfg = Debug|Win32
		{16EBCE1D-6DFD-4CB9-9EDE-70A6357348FD}.Debug|x86.Build.0 = Debug|Win32
		{16EBCE1D-6DFD-4CB9-9EDE-70A6357348FD}.Release|Any CPU.ActiveCfg = Release|x64
		{16EBCE1D-6DFD-4CB9-9EDE-70A6357348FD}.Release|Any CPU.Build.0 = Release|x64
		{16EBCE1D-6DFD-4CB9-9EDE-70A6357348FD}.Release|x64.ActiveCfg = Release|x64
		{16EBCE1D-6DFD-4CB9-9EDE-70A6357348FD}.Release|x64.Build.0 = Release|x64
		{16EBCE1D-6DFD-4CB9-9EDE-70A6357348FD}.Release|x86.ActiveCfg = Release|Win32
		{16EBCE1D-6DFD-4CB9-9EDE-70A6357348FD}.Release|x86.Build.0 = Release|Win32
		{2CDCDE0B-3B80-427D-BE3F-46E9694EBF28}.Debug|Any CPU.ActiveCfg = Debug|Any CPU
		{2CDCDE0B-3B80-427D-BE3F-46E9694EBF28}.Debug|Any CPU.Build.0 = Debug|Any CPU
		{2CDCDE0B-3B80-427D-BE3F-46E9694EBF28}.Debug|x64.ActiveCfg = Debug|Any CPU
		{2CDCDE0B-3B80-427D-BE3F-46E9694EBF28}.Debug|x64.Build.0 = Debug|Any CPU
		{2CDCDE0B-3B80-427D-BE3F-46E9694EBF28}.Debug|x86.ActiveCfg = Debug|Any CPU
		{2CDCDE0B-3B80-427D-BE3F-46E9694EBF28}.Debug|x86.Build.0 = Debug|Any CPU
		{2CDCDE0B-3B80-427D-BE3F-46E9694EBF28}.Release|Any CPU.ActiveCfg = Release|Any CPU
		{2CDCDE0B-3B80-427D-BE3F-46E9694EBF28}.Release|Any CPU.Build.0 = Release|Any CPU
		{2CDCDE0B-3B80-427D-BE3F-46E9694EBF28}.Release|x64.ActiveCfg = Release|Any CPU
		{2CDCDE0B-3B80-427D-BE3F-46E9694EBF28}.Release|x64.Build.0 = Release|Any CPU
		{2CDCDE0B-3B80-427D-BE3F-46E9694EBF28}.Release|x86.ActiveCfg = Release|Any CPU
		{2CDCDE0B-3B80-427D-BE3F-46E9694EBF28}.Release|x86.Build.0 = Release|Any CPU
	EndGlobalSection
	GlobalSection(SolutionProperties) = preSolution
		HideSolutionNode = FALSE
	EndGlobalSection
	GlobalSection(ExtensibilityGlobals) = postSolution
		SolutionGuid = {FB495208-8C6E-4F0E-97EE-18809AC556A5}
	EndGlobalSection
EndGlobal
